
Microsoft Visual Studio Solution File, Format Version 12.00
# Visual Studio Version 16
VisualStudioVersion = 16.0.30011.22
MinimumVisualStudioVersion = 15.0.26124.0
Project("{FAE04EC0-301F-11D3-BF4B-00C04F79EFBC}") = "Boyles.SubnetCalculator", "Source\Boyles.SubnetCalculator\Boyles.SubnetCalculator.csproj", "{5F5ED660-7CF6-4618-A000-47686824EBCD}"
EndProject
Global
	GlobalSection(SolutionConfigurationPlatforms) = preSolution
		Debug|Any CPU = Debug|Any CPU
		Debug|x64 = Debug|x64
		Debug|x86 = Debug|x86
		Release|Any CPU = Release|Any CPU
		Release|x64 = Release|x64
		Release|x86 = Release|x86
	EndGlobalSection
	GlobalSection(ProjectConfigurationPlatforms) = postSolution
		{5F5ED660-7CF6-4618-A000-47686824EBCD}.Debug|Any CPU.ActiveCfg = Debug|Any CPU
		{5F5ED660-7CF6-4618-A000-47686824EBCD}.Debug|Any CPU.Build.0 = Debug|Any CPU
		{5F5ED660-7CF6-4618-A000-47686824EBCD}.Debug|x64.ActiveCfg = Debug|Any CPU
		{5F5ED660-7CF6-4618-A000-47686824EBCD}.Debug|x64.Build.0 = Debug|Any CPU
		{5F5ED660-7CF6-4618-A000-47686824EBCD}.Debug|x86.ActiveCfg = Debug|Any CPU
		{5F5ED660-7CF6-4618-A000-47686824EBCD}.Debug|x86.Build.0 = Debug|Any CPU
		{5F5ED660-7CF6-4618-A000-47686824EBCD}.Release|Any CPU.ActiveCfg = Release|Any CPU
		{5F5ED660-7CF6-4618-A000-47686824EBCD}.Release|Any CPU.Build.0 = Release|Any CPU
		{5F5ED660-7CF6-4618-A000-47686824EBCD}.Release|x64.ActiveCfg = Release|Any CPU
		{5F5ED660-7CF6-4618-A000-47686824EBCD}.Release|x64.Build.0 = Release|Any CPU
		{5F5ED660-7CF6-4618-A000-47686824EBCD}.Release|x86.ActiveCfg = Release|Any CPU
		{5F5ED660-7CF6-4618-A000-47686824EBCD}.Release|x86.Build.0 = Release|Any CPU
	EndGlobalSection
	GlobalSection(SolutionProperties) = preSolution
		HideSolutionNode = FALSE
	EndGlobalSection
	GlobalSection(ExtensibilityGlobals) = postSolution
		SolutionGuid = {AC681818-1342-420D-9278-CFE5A70CBE81}
	EndGlobalSection
EndGlobal
